// !$*UTF8*$!
{
	archiveVersion = 1;
	classes = {
	};
	objectVersion = 77;
	objects = {

/* Begin PBXBuildFile section */
		70A000032F00000000000003 /* Supabase in Frameworks */ = {isa = PBXBuildFile; productRef = 70A000022F00000000000002 /* Supabase */; };
		71B600012F00000000000001 /* MugshotWidgets.appex in Embed App Extensions */ = {isa = PBXBuildFile; fileRef = 71B600032F00000000000003 /* MugshotWidgets.appex */; settings = {ATTRIBUTES = (RemoveHeadersOnCopy, ); }; };
		72C000032F00000000000003 /* PostHog in Frameworks */ = {isa = PBXBuildFile; productRef = 72C000022F00000000000002 /* PostHog */; };
		73D700012F00000000000001 /* MugshotShareExtension.appex in Embed App Extensions */ = {isa = PBXBuildFile; fileRef = 73D700032F00000000000003 /* MugshotShareExtension.appex */; settings = {ATTRIBUTES = (RemoveHeadersOnCopy, ); }; };
/* End PBXBuildFile section */

/* Begin PBXContainerItemProxy section */
		40E2768F2EC7997C005528D1 /* PBXContainerItemProxy */ = {
			isa = PBXContainerItemProxy;
			containerPortal = 40E276792EC7997A005528D1 /* Project object */;
			proxyType = 1;
			remoteGlobalIDString = 40E276802EC7997A005528D1;
			remoteInfo = testMugshot;
		};
		40E276992EC7997C005528D1 /* PBXContainerItemProxy */ = {
			isa = PBXContainerItemProxy;
			containerPortal = 40E276792EC7997A005528D1 /* Project object */;
			proxyType = 1;
			remoteGlobalIDString = 40E276802EC7997A005528D1;
			remoteInfo = testMugshot;
		};
		71B600022F00000000000002 /* PBXContainerItemProxy */ = {
			isa = PBXContainerItemProxy;
			containerPortal = 40E276792EC7997A005528D1 /* Project object */;
			proxyType = 1;
			remoteGlobalIDString = 71B600062F00000000000006;
			remoteInfo = MugshotWidgets;
		};
		73D700022F00000000000002 /* PBXContainerItemProxy */ = {
			isa = PBXContainerItemProxy;
			containerPortal = 40E276792EC7997A005528D1 /* Project object */;
			proxyType = 1;
			remoteGlobalIDString = 73D700062F00000000000006;
			remoteInfo = MugshotShareExtension;
		};
/* End PBXContainerItemProxy section */

/* Begin PBXCopyFilesBuildPhase section */
		71B600092F00000000000009 /* Embed App Extensions */ = {
			isa = PBXCopyFilesBuildPhase;
			buildActionMask = 2147483647;
			dstPath = "";
			dstSubfolderSpec = 13;
			files = (
				71B600012F00000000000001 /* MugshotWidgets.appex in Embed App Extensions */,
				73D700012F00000000000001 /* MugshotShareExtension.appex in Embed App Extensions */,
			);
			name = "Embed App Extensions";
			runOnlyForDeploymentPostprocessing = 0;
		};
/* End PBXCopyFilesBuildPhase section */

/* Begin PBXFileReference section */
		40E276812EC7997A005528D1 /* testMugshot.app */ = {isa = PBXFileReference; explicitFileType = wrapper.application; includeInIndex = 0; path = testMugshot.app; sourceTree = BUILT_PRODUCTS_DIR; };
		40E2768E2EC7997C005528D1 /* testMugshotTests.xctest */ = {isa = PBXFileReference; explicitFileType = wrapper.cfbundle; includeInIndex = 0; path = testMugshotTests.xctest; sourceTree = BUILT_PRODUCTS_DIR; };
		40E276982EC7997C005528D1 /* testMugshotUITests.xctest */ = {isa = PBXFileReference; explicitFileType = wrapper.cfbundle; includeInIndex = 0; path = testMugshotUITests.xctest; sourceTree = BUILT_PRODUCTS_DIR; };
		70A000012F00000000000001 /* Config/SupabaseConfig.xcconfig */ = {isa = PBXFileReference; lastKnownFileType = text.xcconfig; path = Config/SupabaseConfig.xcconfig; sourceTree = "<group>"; };
		70A000062F00000000000006 /* Config/Info.plist */ = {isa = PBXFileReference; lastKnownFileType = text.plist.xml; path = Config/Info.plist; sourceTree = "<group>"; };
		71B600032F00000000000003 /* MugshotWidgets.appex */ = {isa = PBXFileReference; explicitFileType = "wrapper.app-extension"; includeInIndex = 0; path = MugshotWidgets.appex; sourceTree = BUILT_PRODUCTS_DIR; };
		73D700032F00000000000003 /* MugshotShareExtension.appex */ = {isa = PBXFileReference; explicitFileType = "wrapper.app-extension"; includeInIndex = 0; path = MugshotShareExtension.appex; sourceTree = BUILT_PRODUCTS_DIR; };
/* End PBXFileReference section */

/* Begin PBXFileSystemSynchronizedBuildFileExceptionSet section */
		71B6000E2F0000000000000E /* Exceptions for "MugshotWidgets" folder in "MugshotWidgets" target */ = {
			isa = PBXFileSystemSynchronizedBuildFileExceptionSet;
			membershipExceptions = (
				Info.plist,
			);
			target = 71B600062F00000000000006 /* MugshotWidgets */;
		};
		73D7000E2F0000000000000E /* Exceptions for "MugshotShareExtension" folder in "MugshotShareExtension" target */ = {
			isa = PBXFileSystemSynchronizedBuildFileExceptionSet;
			membershipExceptions = (
				Info.plist,
			);
			target = 73D700062F00000000000006 /* MugshotShareExtension */;
		};
/* End PBXFileSystemSynchronizedBuildFileExceptionSet section */

/* Begin PBXFileSystemSynchronizedRootGroup section */
		40E276832EC7997A005528D1 /* testMugshot */ = {
			isa = PBXFileSystemSynchronizedRootGroup;
			path = testMugshot;
			sourceTree = "<group>";
		};
		40E276912EC7997C005528D1 /* testMugshotTests */ = {
			isa = PBXFileSystemSynchronizedRootGroup;
			path = testMugshotTests;
			sourceTree = "<group>";
		};
		40E2769B2EC7997C005528D1 /* testMugshotUITests */ = {
			isa = PBXFileSystemSynchronizedRootGroup;
			path = testMugshotUITests;
			sourceTree = "<group>";
		};
		71B600042F00000000000004 /* MugshotWidgets */ = {
			isa = PBXFileSystemSynchronizedRootGroup;
			exceptions = (
				71B6000E2F0000000000000E /* Exceptions for "MugshotWidgets" folder in "MugshotWidgets" target */,
			);
			path = MugshotWidgets;
			sourceTree = "<group>";
		};
		73D700042F00000000000004 /* MugshotShareExtension */ = {
			isa = PBXFileSystemSynchronizedRootGroup;
			exceptions = (
				73D7000E2F0000000000000E /* Exceptions for "MugshotShareExtension" folder in "MugshotShareExtension" target */,
			);
			path = MugshotShareExtension;
			sourceTree = "<group>";
		};
/* End PBXFileSystemSynchronizedRootGroup section */

/* Begin PBXFrameworksBuildPhase section */
		40E2767E2EC7997A005528D1 /* Frameworks */ = {
			isa = PBXFrameworksBuildPhase;
			buildActionMask = 2147483647;
			files = (
				72C000032F00000000000003 /* PostHog in Frameworks */,
				70A000032F00000000000003 /* Supabase in Frameworks */,
			);
			runOnlyForDeploymentPostprocessing = 0;
		};
		40E2768B2EC7997C005528D1 /* Frameworks */ = {
			isa = PBXFrameworksBuildPhase;
			buildActionMask = 2147483647;
			files = (
			);
			runOnlyForDeploymentPostprocessing = 0;
		};
		40E276952EC7997C005528D1 /* Frameworks */ = {
			isa = PBXFrameworksBuildPhase;
			buildActionMask = 2147483647;
			files = (
			);
			runOnlyForDeploymentPostprocessing = 0;
		};
		71B600052F00000000000005 /* Frameworks */ = {
			isa = PBXFrameworksBuildPhase;
			buildActionMask = 2147483647;
			files = (
			);
			runOnlyForDeploymentPostprocessing = 0;
		};
		73D700052F00000000000005 /* Frameworks */ = {
			isa = PBXFrameworksBuildPhase;
			buildActionMask = 2147483647;
			files = (
			);
			runOnlyForDeploymentPostprocessing = 0;
		};
/* End PBXFrameworksBuildPhase section */

/* Begin PBXGroup section */
		40E276782EC7997A005528D1 = {
			isa = PBXGroup;
			children = (
				70A000012F00000000000001 /* Config/SupabaseConfig.xcconfig */,
				70A000062F00000000000006 /* Config/Info.plist */,
				40E276832EC7997A005528D1 /* testMugshot */,
				40E276912EC7997C005528D1 /* testMugshotTests */,
				40E2769B2EC7997C005528D1 /* testMugshotUITests */,
				71B600042F00000000000004 /* MugshotWidgets */,
				73D700042F00000000000004 /* MugshotShareExtension */,
				40E276822EC7997A005528D1 /* Products */,
			);
			sourceTree = "<group>";
		};
		40E276822EC7997A005528D1 /* Products */ = {
			isa = PBXGroup;
			children = (
				40E276812EC7997A005528D1 /* testMugshot.app */,
				40E2768E2EC7997C005528D1 /* testMugshotTests.xctest */,
				40E276982EC7997C005528D1 /* testMugshotUITests.xctest */,
				71B600032F00000000000003 /* MugshotWidgets.appex */,
				73D700032F00000000000003 /* MugshotShareExtension.appex */,
			);
			name = Products;
			sourceTree = "<group>";
		};
/* End PBXGroup section */

/* Begin PBXNativeTarget section */
		40E276802EC7997A005528D1 /* testMugshot */ = {
			isa = PBXNativeTarget;
			buildConfigurationList = 40E276A22EC7997C005528D1 /* Build configuration list for PBXNativeTarget "testMugshot" */;
			buildPhases = (
				40E2767D2EC7997A005528D1 /* Sources */,
				40E2767E2EC7997A005528D1 /* Frameworks */,
				40E2767F2EC7997A005528D1 /* Resources */,
				71B600092F00000000000009 /* Embed App Extensions */,
			);
			buildRules = (
			);
			dependencies = (
				71B6000A2F0000000000000A /* PBXTargetDependency */,
				73D7000A2F0000000000000A /* PBXTargetDependency */,
			);
			fileSystemSynchronizedGroups = (
				40E276832EC7997A005528D1 /* testMugshot */,
			);
			name = testMugshot;
			packageProductDependencies = (
				72C000022F00000000000002 /* PostHog */,
				70A000022F00000000000002 /* Supabase */,
			);
			productName = testMugshot;
			productReference = 40E276812EC7997A005528D1 /* testMugshot.app */;
			productType = "com.apple.product-type.application";
		};
		40E2768D2EC7997C005528D1 /* testMugshotTests */ = {
			isa = PBXNativeTarget;
			buildConfigurationList = 40E276A52EC7997C005528D1 /* Build configuration list for PBXNativeTarget "testMugshotTests" */;
			buildPhases = (
				40E2768A2EC7997C005528D1 /* Sources */,
				40E2768B2EC7997C005528D1 /* Frameworks */,
				40E2768C2EC7997C005528D1 /* Resources */,
			);
			buildRules = (
			);
			dependencies = (
				40E276902EC7997C005528D1 /* PBXTargetDependency */,
			);
			fileSystemSynchronizedGroups = (
				40E276912EC7997C005528D1 /* testMugshotTests */,
			);
			name = testMugshotTests;
			packageProductDependencies = (
			);
			productName = testMugshotTests;
			productReference = 40E2768E2EC7997C005528D1 /* testMugshotTests.xctest */;
			productType = "com.apple.product-type.bundle.unit-test";
		};
		40E276972EC7997C005528D1 /* testMugshotUITests */ = {
			isa = PBXNativeTarget;
			buildConfigurationList = 40E276A82EC7997C005528D1 /* Build configuration list for PBXNativeTarget "testMugshotUITests" */;
			buildPhases = (
				40E276942EC7997C005528D1 /* Sources */,
				40E276952EC7997C005528D1 /* Frameworks */,
				40E276962EC7997C005528D1 /* Resources */,
			);
			buildRules = (
			);
			dependencies = (
				40E2769A2EC7997C005528D1 /* PBXTargetDependency */,
			);
			fileSystemSynchronizedGroups = (
				40E2769B2EC7997C005528D1 /* testMugshotUITests */,
			);
			name = testMugshotUITests;
			packageProductDependencies = (
			);
			productName = testMugshotUITests;
			productReference = 40E276982EC7997C005528D1 /* testMugshotUITests.xctest */;
			productType = "com.apple.product-type.bundle.ui-testing";
		};
		71B600062F00000000000006 /* MugshotWidgets */ = {
			isa = PBXNativeTarget;
			buildConfigurationList = 71B6000D2F0000000000000D /* Build configuration list for PBXNativeTarget "MugshotWidgets" */;
			buildPhases = (
				71B600082F00000000000008 /* Sources */,
				71B600052F00000000000005 /* Frameworks */,
				71B600072F00000000000007 /* Resources */,
			);
			buildRules = (
			);
			dependencies = (
			);
			fileSystemSynchronizedGroups = (
				71B600042F00000000000004 /* MugshotWidgets */,
			);
			name = MugshotWidgets;
			packageProductDependencies = (
			);
			productName = MugshotWidgets;
			productReference = 71B600032F00000000000003 /* MugshotWidgets.appex */;
			productType = "com.apple.product-type.app-extension";
		};
		73D700062F00000000000006 /* MugshotShareExtension */ = {
			isa = PBXNativeTarget;
			buildConfigurationList = 73D7000D2F0000000000000D /* Build configuration list for PBXNativeTarget "MugshotShareExtension" */;
			buildPhases = (
				73D700082F00000000000008 /* Sources */,
				73D700052F00000000000005 /* Frameworks */,
				73D700072F00000000000007 /* Resources */,
			);
			buildRules = (
			);
			dependencies = (
			);
			fileSystemSynchronizedGroups = (
				73D700042F00000000000004 /* MugshotShareExtension */,
			);
			name = MugshotShareExtension;
			packageProductDependencies = (
			);
			productName = MugshotShareExtension;
			productReference = 73D700032F00000000000003 /* MugshotShareExtension.appex */;
			productType = "com.apple.product-type.app-extension";
		};
/* End PBXNativeTarget section */

/* Begin PBXProject section */
		40E276792EC7997A005528D1 /* Project object */ = {
			isa = PBXProject;
			attributes = {
				BuildIndependentTargetsInParallel = 1;
				LastSwiftUpdateCheck = 1640;
				LastUpgradeCheck = 1640;
				TargetAttributes = {
					40E276802EC7997A005528D1 = {
						CreatedOnToolsVersion = 16.4;
					};
					40E2768D2EC7997C005528D1 = {
						CreatedOnToolsVersion = 16.4;
						TestTargetID = 40E276802EC7997A005528D1;
					};
					40E276972EC7997C005528D1 = {
						CreatedOnToolsVersion = 16.4;
						TestTargetID = 40E276802EC7997A005528D1;
					};
					71B600062F00000000000006 = {
						CreatedOnToolsVersion = 16.4;
					};
					73D700062F00000000000006 = {
						CreatedOnToolsVersion = 16.4;
					};
				};
			};
			buildConfigurationList = 40E2767C2EC7997A005528D1 /* Build configuration list for PBXProject "testMugshot" */;
			developmentRegion = en;
			hasScannedForEncodings = 0;
			knownRegions = (
				en,
				Base,
			);
			mainGroup = 40E276782EC7997A005528D1;
			minimizedProjectReferenceProxies = 1;
			packageReferences = (
				72C000042F00000000000004 /* XCRemoteSwiftPackageReference "posthog-ios" */,
				70A000042F00000000000004 /* XCRemoteSwiftPackageReference "supabase-swift" */,
			);
			preferredProjectObjectVersion = 77;
			productRefGroup = 40E276822EC7997A005528D1 /* Products */;
			projectDirPath = "";
			projectRoot = "";
			targets = (
				40E276802EC7997A005528D1 /* testMugshot */,
				40E2768D2EC7997C005528D1 /* testMugshotTests */,
				40E276972EC7997C005528D1 /* testMugshotUITests */,
				71B600062F00000000000006 /* MugshotWidgets */,
				73D700062F00000000000006 /* MugshotShareExtension */,
			);
		};
/* End PBXProject section */

/* Begin PBXResourcesBuildPhase section */
		40E2767F2EC7997A005528D1 /* Resources */ = {
			isa = PBXResourcesBuildPhase;
			buildActionMask = 2147483647;
			files = (
			);
			runOnlyForDeploymentPostprocessing = 0;
		};
		40E2768C2EC7997C005528D1 /* Resources */ = {
			isa = PBXResourcesBuildPhase;
			buildActionMask = 2147483647;
			files = (
			);
			runOnlyForDeploymentPostprocessing = 0;
		};
		40E276962EC7997C005528D1 /* Resources */ = {
			isa = PBXResourcesBuildPhase;
			buildActionMask = 2147483647;
			files = (
			);
			runOnlyForDeploymentPostprocessing = 0;
		};
		71B600072F00000000000007 /* Resources */ = {
			isa = PBXResourcesBuildPhase;
			buildActionMask = 2147483647;
			files = (
			);
			runOnlyForDeploymentPostprocessing = 0;
		};
		73D700072F00000000000007 /* Resources */ = {
			isa = PBXResourcesBuildPhase;
			buildActionMask = 2147483647;
			files = (
			);
			runOnlyForDeploymentPostprocessing = 0;
		};
/* End PBXResourcesBuildPhase section */

/* Begin PBXSourcesBuildPhase section */
		40E2767D2EC7997A005528D1 /* Sources */ = {
			isa = PBXSourcesBuildPhase;
			buildActionMask = 2147483647;
			files = (
			);
			runOnlyForDeploymentPostprocessing = 0;
		};
		40E2768A2EC7997C005528D1 /* Sources */ = {
			isa = PBXSourcesBuildPhase;
			buildActionMask = 2147483647;
			files = (
			);
			runOnlyForDeploymentPostprocessing = 0;
		};
		40E276942EC7997C005528D1 /* Sources */ = {
			isa = PBXSourcesBuildPhase;
			buildActionMask = 2147483647;
			files = (
			);
			runOnlyForDeploymentPostprocessing = 0;
		};
		71B600082F00000000000008 /* Sources */ = {
			isa = PBXSourcesBuildPhase;
			buildActionMask = 2147483647;
			files = (
			);
			runOnlyForDeploymentPostprocessing = 0;
		};
		73D700082F00000000000008 /* Sources */ = {
			isa = PBXSourcesBuildPhase;
			buildActionMask = 2147483647;
			files = (
			);
			runOnlyForDeploymentPostprocessing = 0;
		};
/* End PBXSourcesBuildPhase section */

/* Begin PBXTargetDependency section */
		40E276902EC7997C005528D1 /* PBXTargetDependency */ = {
			isa = PBXTargetDependency;
			target = 40E276802EC7997A005528D1 /* testMugshot */;
			targetProxy = 40E2768F2EC7997C005528D1 /* PBXContainerItemProxy */;
		};
		40E2769A2EC7997C005528D1 /* PBXTargetDependency */ = {
			isa = PBXTargetDependency;
			target = 40E276802EC7997A005528D1 /* testMugshot */;
			targetProxy = 40E276992EC7997C005528D1 /* PBXContainerItemProxy */;
		};
		71B6000A2F0000000000000A /* PBXTargetDependency */ = {
			isa = PBXTargetDependency;
			target = 71B600062F00000000000006 /* MugshotWidgets */;
			targetProxy = 71B600022F00000000000002 /* PBXContainerItemProxy */;
		};
		73D7000A2F0000000000000A /* PBXTargetDependency */ = {
			isa = PBXTargetDependency;
			target = 73D700062F00000000000006 /* MugshotShareExtension */;
			targetProxy = 73D700022F00000000000002 /* PBXContainerItemProxy */;
		};
/* End PBXTargetDependency section */

/* Begin XCBuildConfiguration section */
		40E276A02EC7997C005528D1 /* Debug */ = {
			isa = XCBuildConfiguration;
			buildSettings = {
				ALWAYS_SEARCH_USER_PATHS = NO;
				ASSETCATALOG_COMPILER_GENERATE_SWIFT_ASSET_SYMBOL_EXTENSIONS = YES;
				CLANG_ANALYZER_NONNULL = YES;
				CLANG_ANALYZER_NUMBER_OBJECT_CONVERSION = YES_AGGRESSIVE;
				CLANG_CXX_LANGUAGE_STANDARD = "gnu++20";
				CLANG_ENABLE_MODULES = YES;
				CLANG_ENABLE_OBJC_ARC = YES;
				CLANG_ENABLE_OBJC_WEAK = YES;
				CLANG_WARN_BLOCK_CAPTURE_AUTORELEASING = YES;
				CLANG_WARN_BOOL_CONVERSION = YES;
				CLANG_WARN_COMMA = YES;
				CLANG_WARN_CONSTANT_CONVERSION = YES;
				CLANG_WARN_DEPRECATED_OBJC_IMPLEMENTATIONS = YES;
				CLANG_WARN_DIRECT_OBJC_ISA_USAGE = YES_ERROR;
				CLANG_WARN_DOCUMENTATION_COMMENTS = YES;
				CLANG_WARN_EMPTY_BODY = YES;
				CLANG_WARN_ENUM_CONVERSION = YES;
				CLANG_WARN_INFINITE_RECURSION = YES;
				CLANG_WARN_INT_CONVERSION = YES;
				CLANG_WARN_NON_LITERAL_NULL_CONVERSION = YES;
				CLANG_WARN_OBJC_IMPLICIT_RETAIN_SELF = YES;
				CLANG_WARN_OBJC_LITERAL_CONVERSION = YES;
				CLANG_WARN_OBJC_ROOT_CLASS = YES_ERROR;
				CLANG_WARN_QUOTED_INCLUDE_IN_FRAMEWORK_HEADER = YES;
				CLANG_WARN_RANGE_LOOP_ANALYSIS = YES;
				CLANG_WARN_STRICT_PROTOTYPES = YES;
				CLANG_WARN_SUSPICIOUS_MOVE = YES;
				CLANG_WARN_UNGUARDED_AVAILABILITY = YES_AGGRESSIVE;
				CLANG_WARN_UNREACHABLE_CODE = YES;
				CLANG_WARN__DUPLICATE_METHOD_MATCH = YES;
				COPY_PHASE_STRIP = NO;
				DEBUG_INFORMATION_FORMAT = dwarf;
				DEVELOPMENT_TEAM = R389G6U968;
				ENABLE_STRICT_OBJC_MSGSEND = YES;
				ENABLE_TESTABILITY = YES;
				ENABLE_USER_SCRIPT_SANDBOXING = YES;
				GCC_C_LANGUAGE_STANDARD = gnu17;
				GCC_DYNAMIC_NO_PIC = NO;
				GCC_NO_COMMON_BLOCKS = YES;
				GCC_OPTIMIZATION_LEVEL = 0;
				GCC_PREPROCESSOR_DEFINITIONS = (
					"DEBUG=1",
					"$(inherited)",
				);
				GCC_WARN_64_TO_32_BIT_CONVERSION = YES;
				GCC_WARN_ABOUT_RETURN_TYPE = YES_ERROR;
				GCC_WARN_UNDECLARED_SELECTOR = YES;
				GCC_WARN_UNINITIALIZED_AUTOS = YES_AGGRESSIVE;
				GCC_WARN_UNUSED_FUNCTION = YES;
				GCC_WARN_UNUSED_VARIABLE = YES;
				IPHONEOS_DEPLOYMENT_TARGET = 18.5;
				LOCALIZATION_PREFERS_STRING_CATALOGS = YES;
				MTL_ENABLE_DEBUG_INFO = INCLUDE_SOURCE;
				MTL_FAST_MATH = YES;
				ONLY_ACTIVE_ARCH = YES;
				SDKROOT = iphoneos;
				SWIFT_ACTIVE_COMPILATION_CONDITIONS = "DEBUG $(inherited)";
				SWIFT_OPTIMIZATION_LEVEL = "-Onone";
			};
			name = Debug;
		};
		40E276A12EC7997C005528D1 /* Release */ = {
			isa = XCBuildConfiguration;
			buildSettings = {
				ALWAYS_SEARCH_USER_PATHS = NO;
				ASSETCATALOG_COMPILER_GENERATE_SWIFT_ASSET_SYMBOL_EXTENSIONS = YES;
				CLANG_ANALYZER_NONNULL = YES;
				CLANG_ANALYZER_NUMBER_OBJECT_CONVERSION = YES_AGGRESSIVE;
				CLANG_CXX_LANGUAGE_STANDARD = "gnu++20";
				CLANG_ENABLE_MODULES = YES;
				CLANG_ENABLE_OBJC_ARC = YES;
				CLANG_ENABLE_OBJC_WEAK = YES;
				CLANG_WARN_BLOCK_CAPTURE_AUTORELEASING = YES;
				CLANG_WARN_BOOL_CONVERSION = YES;
				CLANG_WARN_COMMA = YES;
				CLANG_WARN_CONSTANT_CONVERSION = YES;
				CLANG_WARN_DEPRECATED_OBJC_IMPLEMENTATIONS = YES;
				CLANG_WARN_DIRECT_OBJC_ISA_USAGE = YES_ERROR;
				CLANG_WARN_DOCUMENTATION_COMMENTS = YES;
				CLANG_WARN_EMPTY_BODY = YES;
				CLANG_WARN_ENUM_CONVERSION = YES;
				CLANG_WARN_INFINITE_RECURSION = YES;
				CLANG_WARN_INT_CONVERSION = YES;
				CLANG_WARN_NON_LITERAL_NULL_CONVERSION = YES;
				CLANG_WARN_OBJC_IMPLICIT_RETAIN_SELF = YES;
				CLANG_WARN_OBJC_LITERAL_CONVERSION = YES;
				CLANG_WARN_OBJC_ROOT_CLASS = YES_ERROR;
				CLANG_WARN_QUOTED_INCLUDE_IN_FRAMEWORK_HEADER = YES;
				CLANG_WARN_RANGE_LOOP_ANALYSIS = YES;
				CLANG_WARN_STRICT_PROTOTYPES = YES;
				CLANG_WARN_SUSPICIOUS_MOVE = YES;
				CLANG_WARN_UNGUARDED_AVAILABILITY = YES_AGGRESSIVE;
				CLANG_WARN_UNREACHABLE_CODE = YES;
				CLANG_WARN__DUPLICATE_METHOD_MATCH = YES;
				COPY_PHASE_STRIP = NO;
				DEBUG_INFORMATION_FORMAT = "dwarf-with-dsym";
				DEVELOPMENT_TEAM = R389G6U968;
				ENABLE_NS_ASSERTIONS = NO;
				ENABLE_STRICT_OBJC_MSGSEND = YES;
				ENABLE_USER_SCRIPT_SANDBOXING = YES;
				GCC_C_LANGUAGE_STANDARD = gnu17;
				GCC_NO_COMMON_BLOCKS = YES;
				GCC_WARN_64_TO_32_BIT_CONVERSION = YES;
				GCC_WARN_ABOUT_RETURN_TYPE = YES_ERROR;
				GCC_WARN_UNDECLARED_SELECTOR = YES;
				GCC_WARN_UNINITIALIZED_AUTOS = YES_AGGRESSIVE;
				GCC_WARN_UNUSED_FUNCTION = YES;
				GCC_WARN_UNUSED_VARIABLE = YES;
				IPHONEOS_DEPLOYMENT_TARGET = 18.5;
				LOCALIZATION_PREFERS_STRING_CATALOGS = YES;
				MTL_ENABLE_DEBUG_INFO = NO;
				MTL_FAST_MATH = YES;
				SDKROOT = iphoneos;
				SWIFT_COMPILATION_MODE = wholemodule;
				VALIDATE_PRODUCT = YES;
			};
			name = Release;
		};
		40E276A32EC7997C005528D1 /* Debug */ = {
			isa = XCBuildConfiguration;
			baseConfigurationReference = 70A000012F00000000000001 /* Config/SupabaseConfig.xcconfig */;
			buildSettings = {
				ASSETCATALOG_COMPILER_APPICON_NAME = AppIcon;
				ASSETCATALOG_COMPILER_GLOBAL_ACCENT_COLOR_NAME = AccentColor;
				ASSETCATALOG_COMPILER_INCLUDE_ALL_APPICON_ASSETS = NO;
				CODE_SIGN_ENTITLEMENTS = testMugshot/testMugshot.entitlements;
				"CODE_SIGN_ENTITLEMENTS[sdk=iphoneos*]" = "testMugshot/testMugshot.device-debug.entitlements";
				CODE_SIGN_STYLE = Automatic;
				CURRENT_PROJECT_VERSION = 1;
				DEVELOPMENT_TEAM = R389G6U968;
				ENABLE_PREVIEWS = YES;
				GENERATE_INFOPLIST_FILE = NO;
				INFOPLIST_FILE = Config/Info.plist;
				LD_RUNPATH_SEARCH_PATHS = (
					"$(inherited)",
					"@executable_path/Frameworks",
				);
				MARKETING_VERSION = 0.5.4;
				PRODUCT_BUNDLE_IDENTIFIER = co.mugshot.app;
				"PRODUCT_BUNDLE_IDENTIFIER[sdk=iphoneos*]" = co.mugshot.app.dev;
				PRODUCT_NAME = "$(TARGET_NAME)";
				SWIFT_EMIT_LOC_STRINGS = YES;
				SWIFT_VERSION = 5.0;
				TARGETED_DEVICE_FAMILY = "1,2";
			};
			name = Debug;
		};
		40E276A42EC7997C005528D1 /* Release */ = {
			isa = XCBuildConfiguration;
			baseConfigurationReference = 70A000012F00000000000001 /* Config/SupabaseConfig.xcconfig */;
			buildSettings = {
				ASSETCATALOG_COMPILER_APPICON_NAME = AppIcon;
				ASSETCATALOG_COMPILER_GLOBAL_ACCENT_COLOR_NAME = AccentColor;
				ASSETCATALOG_COMPILER_INCLUDE_ALL_APPICON_ASSETS = NO;
				CODE_SIGN_ENTITLEMENTS = testMugshot/testMugshot.entitlements;
				CODE_SIGN_IDENTITY = "Apple Distribution";
				CODE_SIGN_STYLE = Manual;
				CURRENT_PROJECT_VERSION = 1;
				DEVELOPMENT_TEAM = R389G6U968;
				ENABLE_PREVIEWS = YES;
				GENERATE_INFOPLIST_FILE = NO;
				INFOPLIST_FILE = Config/Info.plist;
				LD_RUNPATH_SEARCH_PATHS = (
					"$(inherited)",
					"@executable_path/Frameworks",
				);
				MARKETING_VERSION = 0.5.4;
				PRODUCT_BUNDLE_IDENTIFIER = co.mugshot.app;
				PRODUCT_NAME = "$(TARGET_NAME)";
				PROVISIONING_PROFILE_SPECIFIER = "Mugshot App Store";
				SWIFT_ACTIVE_COMPILATION_CONDITIONS = "$(inherited) MUGSHOT_PUSH_CAPABLE";
				SWIFT_EMIT_LOC_STRINGS = YES;
				SWIFT_VERSION = 5.0;
				TARGETED_DEVICE_FAMILY = "1,2";
			};
			name = Release;
		};
		40E276A62EC7997C005528D1 /* Debug */ = {
			isa = XCBuildConfiguration;
			buildSettings = {
				BUNDLE_LOADER = "$(TEST_HOST)";
				CODE_SIGN_STYLE = Automatic;
				CURRENT_PROJECT_VERSION = 1;
				DEVELOPMENT_TEAM = R389G6U968;
				GENERATE_INFOPLIST_FILE = YES;
				IPHONEOS_DEPLOYMENT_TARGET = 18.5;
				MARKETING_VERSION = 0.5.4;
				PRODUCT_BUNDLE_IDENTIFIER = co.mugshot.app.testMugshotTests;
				PRODUCT_NAME = "$(TARGET_NAME)";
				SWIFT_EMIT_LOC_STRINGS = NO;
				SWIFT_VERSION = 5.0;
				TARGETED_DEVICE_FAMILY = "1,2";
				TEST_HOST = "$(BUILT_PRODUCTS_DIR)/testMugshot.app/$(BUNDLE_EXECUTABLE_FOLDER_PATH)/testMugshot";
			};
			name = Debug;
		};
		40E276A72EC7997C005528D1 /* Release */ = {
			isa = XCBuildConfiguration;
			buildSettings = {
				BUNDLE_LOADER = "$(TEST_HOST)";
				CODE_SIGN_STYLE = Automatic;
				CURRENT_PROJECT_VERSION = 1;
				DEVELOPMENT_TEAM = R389G6U968;
				GENERATE_INFOPLIST_FILE = YES;
				IPHONEOS_DEPLOYMENT_TARGET = 18.5;
				MARKETING_VERSION = 0.5.4;
				PRODUCT_BUNDLE_IDENTIFIER = co.mugshot.app.testMugshotTests;
				PRODUCT_NAME = "$(TARGET_NAME)";
				SWIFT_EMIT_LOC_STRINGS = NO;
				SWIFT_VERSION = 5.0;
				TARGETED_DEVICE_FAMILY = "1,2";
				TEST_HOST = "$(BUILT_PRODUCTS_DIR)/testMugshot.app/$(BUNDLE_EXECUTABLE_FOLDER_PATH)/testMugshot";
			};
			name = Release;
		};
		40E276A92EC7997C005528D1 /* Debug */ = {
			isa = XCBuildConfiguration;
			buildSettings = {
				CODE_SIGN_STYLE = Automatic;
				CURRENT_PROJECT_VERSION = 1;
				DEVELOPMENT_TEAM = R389G6U968;
				GENERATE_INFOPLIST_FILE = YES;
				MARKETING_VERSION = 0.5.4;
				PRODUCT_BUNDLE_IDENTIFIER = co.mugshot.app.testMugshotUITests;
				PRODUCT_NAME = "$(TARGET_NAME)";
				SWIFT_EMIT_LOC_STRINGS = NO;
				SWIFT_VERSION = 5.0;
				TARGETED_DEVICE_FAMILY = "1,2";
				TEST_TARGET_NAME = testMugshot;
			};
			name = Debug;
		};
		40E276AA2EC7997C005528D1 /* Release */ = {
			isa = XCBuildConfiguration;
			buildSettings = {
				CODE_SIGN_STYLE = Automatic;
				CURRENT_PROJECT_VERSION = 1;
				DEVELOPMENT_TEAM = R389G6U968;
				GENERATE_INFOPLIST_FILE = YES;
				MARKETING_VERSION = 0.5.4;
				PRODUCT_BUNDLE_IDENTIFIER = co.mugshot.app.testMugshotUITests;
				PRODUCT_NAME = "$(TARGET_NAME)";
				SWIFT_EMIT_LOC_STRINGS = NO;
				SWIFT_VERSION = 5.0;
				TARGETED_DEVICE_FAMILY = "1,2";
				TEST_TARGET_NAME = testMugshot;
			};
			name = Release;
		};
		71B6000B2F0000000000000B /* Debug */ = {
			isa = XCBuildConfiguration;
			buildSettings = {
				CODE_SIGN_STYLE = Automatic;
				CURRENT_PROJECT_VERSION = 1;
				DEVELOPMENT_TEAM = R389G6U968;
				GENERATE_INFOPLIST_FILE = NO;
				INFOPLIST_FILE = MugshotWidgets/Info.plist;
				IPHONEOS_DEPLOYMENT_TARGET = 18.5;
				LD_RUNPATH_SEARCH_PATHS = (
					"$(inherited)",
					"@executable_path/Frameworks",
					"@executable_path/../../Frameworks",
				);
				MARKETING_VERSION = 0.5.4;
				PRODUCT_BUNDLE_IDENTIFIER = co.mugshot.app.widgets;
				"PRODUCT_BUNDLE_IDENTIFIER[sdk=iphoneos*]" = co.mugshot.app.dev.widgets;
				PRODUCT_NAME = "$(TARGET_NAME)";
				SKIP_INSTALL = YES;
				SWIFT_EMIT_LOC_STRINGS = YES;
				SWIFT_VERSION = 5.0;
				TARGETED_DEVICE_FAMILY = "1,2";
			};
			name = Debug;
		};
		71B6000C2F0000000000000C /* Release */ = {
			isa = XCBuildConfiguration;
			buildSettings = {
				CODE_SIGN_IDENTITY = "Apple Distribution";
				CODE_SIGN_STYLE = Manual;
				CURRENT_PROJECT_VERSION = 1;
				DEVELOPMENT_TEAM = R389G6U968;
				GENERATE_INFOPLIST_FILE = NO;
				INFOPLIST_FILE = MugshotWidgets/Info.plist;
				IPHONEOS_DEPLOYMENT_TARGET = 18.5;
				LD_RUNPATH_SEARCH_PATHS = (
					"$(inherited)",
					"@executable_path/Frameworks",
					"@executable_path/../../Frameworks",
				);
				MARKETING_VERSION = 0.5.4;
				PRODUCT_BUNDLE_IDENTIFIER = co.mugshot.app.widgets;
				PRODUCT_NAME = "$(TARGET_NAME)";
				PROVISIONING_PROFILE_SPECIFIER = "Mugshot Widgets App Store";
				SKIP_INSTALL = YES;
				SWIFT_EMIT_LOC_STRINGS = YES;
				SWIFT_VERSION = 5.0;
				TARGETED_DEVICE_FAMILY = "1,2";
			};
			name = Release;
		};
		73D7000B2F0000000000000B /* Debug */ = {
			isa = XCBuildConfiguration;
			buildSettings = {
				APPLICATION_EXTENSION_API_ONLY = YES;
				CODE_SIGN_ENTITLEMENTS = MugshotShareExtension/MugshotShareExtension.entitlements;
				CODE_SIGN_STYLE = Automatic;
				CURRENT_PROJECT_VERSION = 1;
				DEVELOPMENT_TEAM = R389G6U968;
				GENERATE_INFOPLIST_FILE = NO;
				INFOPLIST_FILE = MugshotShareExtension/Info.plist;
				IPHONEOS_DEPLOYMENT_TARGET = 18.5;
				LD_RUNPATH_SEARCH_PATHS = (
					"$(inherited)",
					"@executable_path/Frameworks",
					"@executable_path/../../Frameworks",
				);
				MARKETING_VERSION = 0.5.4;
				PRODUCT_BUNDLE_IDENTIFIER = co.mugshot.app.share;
				"PRODUCT_BUNDLE_IDENTIFIER[sdk=iphoneos*]" = co.mugshot.app.dev.share;
				PRODUCT_NAME = "$(TARGET_NAME)";
				SKIP_INSTALL = YES;
				SWIFT_EMIT_LOC_STRINGS = YES;
				SWIFT_VERSION = 5.0;
				TARGETED_DEVICE_FAMILY = "1,2";
			};
			name = Debug;
		};
		73D7000C2F0000000000000C /* Release */ = {
			isa = XCBuildConfiguration;
			buildSettings = {
				APPLICATION_EXTENSION_API_ONLY = YES;
				CODE_SIGN_ENTITLEMENTS = MugshotShareExtension/MugshotShareExtension.entitlements;
				CODE_SIGN_IDENTITY = "Apple Distribution";
				CODE_SIGN_STYLE = Manual;
				CURRENT_PROJECT_VERSION = 1;
				DEVELOPMENT_TEAM = R389G6U968;
				GENERATE_INFOPLIST_FILE = NO;
				INFOPLIST_FILE = MugshotShareExtension/Info.plist;
				IPHONEOS_DEPLOYMENT_TARGET = 18.5;
				LD_RUNPATH_SEARCH_PATHS = (
					"$(inherited)",
					"@executable_path/Frameworks",
					"@executable_path/../../Frameworks",
				);
				MARKETING_VERSION = 0.5.4;
				PRODUCT_BUNDLE_IDENTIFIER = co.mugshot.app.share;
				PRODUCT_NAME = "$(TARGET_NAME)";
				PROVISIONING_PROFILE_SPECIFIER = "Mugshot Share App Store";
				SKIP_INSTALL = YES;
				SWIFT_EMIT_LOC_STRINGS = YES;
				SWIFT_VERSION = 5.0;
				TARGETED_DEVICE_FAMILY = "1,2";
			};
			name = Release;
		};
/* End XCBuildConfiguration section */

/* Begin XCConfigurationList section */
		40E2767C2EC7997A005528D1 /* Build configuration list for PBXProject "testMugshot" */ = {
			isa = XCConfigurationList;
			buildConfigurations = (
				40E276A02EC7997C005528D1 /* Debug */,
				40E276A12EC7997C005528D1 /* Release */,
			);
			defaultConfigurationIsVisible = 0;
			defaultConfigurationName = Release;
		};
		40E276A22EC7997C005528D1 /* Build configuration list for PBXNativeTarget "testMugshot" */ = {
			isa = XCConfigurationList;
			buildConfigurations = (
				40E276A32EC7997C005528D1 /* Debug */,
				40E276A42EC7997C005528D1 /* Release */,
			);
			defaultConfigurationIsVisible = 0;
			defaultConfigurationName = Release;
		};
		40E276A52EC7997C005528D1 /* Build configuration list for PBXNativeTarget "testMugshotTests" */ = {
			isa = XCConfigurationList;
			buildConfigurations = (
				40E276A62EC7997C005528D1 /* Debug */,
				40E276A72EC7997C005528D1 /* Release */,
			);
			defaultConfigurationIsVisible = 0;
			defaultConfigurationName = Release;
		};
		40E276A82EC7997C005528D1 /* Build configuration list for PBXNativeTarget "testMugshotUITests" */ = {
			isa = XCConfigurationList;
			buildConfigurations = (
				40E276A92EC7997C005528D1 /* Debug */,
				40E276AA2EC7997C005528D1 /* Release */,
			);
			defaultConfigurationIsVisible = 0;
			defaultConfigurationName = Release;
		};
		71B6000D2F0000000000000D /* Build configuration list for PBXNativeTarget "MugshotWidgets" */ = {
			isa = XCConfigurationList;
			buildConfigurations = (
				71B6000B2F0000000000000B /* Debug */,
				71B6000C2F0000000000000C /* Release */,
			);
			defaultConfigurationIsVisible = 0;
			defaultConfigurationName = Release;
		};
		73D7000D2F0000000000000D /* Build configuration list for PBXNativeTarget "MugshotShareExtension" */ = {
			isa = XCConfigurationList;
			buildConfigurations = (
				73D7000B2F0000000000000B /* Debug */,
				73D7000C2F0000000000000C /* Release */,
			);
			defaultConfigurationIsVisible = 0;
			defaultConfigurationName = Release;
		};
/* End XCConfigurationList section */

/* Begin XCRemoteSwiftPackageReference section */
		70A000042F00000000000004 /* XCRemoteSwiftPackageReference "supabase-swift" */ = {
			isa = XCRemoteSwiftPackageReference;
			repositoryURL = "https://github.com/supabase/supabase-swift";
			requirement = {
				kind = exactVersion;
				version = 2.54.1;
			};
		};
		72C000042F00000000000004 /* XCRemoteSwiftPackageReference "posthog-ios" */ = {
			isa = XCRemoteSwiftPackageReference;
			repositoryURL = "https://github.com/PostHog/posthog-ios.git";
			requirement = {
				kind = exactVersion;
				version = 3.68.4;
			};
		};
/* End XCRemoteSwiftPackageReference section */

/* Begin XCSwiftPackageProductDependency section */
		70A000022F00000000000002 /* Supabase */ = {
			isa = XCSwiftPackageProductDependency;
			package = 70A000042F00000000000004 /* XCRemoteSwiftPackageReference "supabase-swift" */;
			productName = Supabase;
		};
		72C000022F00000000000002 /* PostHog */ = {
			isa = XCSwiftPackageProductDependency;
			package = 72C000042F00000000000004 /* XCRemoteSwiftPackageReference "posthog-ios" */;
			productName = PostHog;
		};
/* End XCSwiftPackageProductDependency section */
	};
	rootObject = 40E276792EC7997A005528D1 /* Project object */;
}
